{
  "name": "q-select",
  "version": "1.0.0",
  "lockfileVersion": 1,
  "requires": true,
  "dependencies": {
    "quasar": {
      "version": "1.12.13",
      "resolved": "https://registry.npmjs.org/quasar/-/quasar-1.12.13.tgz",
      "integrity": "sha512-e5cU3cxwZEc+MIJ6/a5IyV5HJ4B1WJscpEqDi+1BpIfVu4/9/WS9a0dnki5jVEvcsbuV4G133XCHQ09fdXoL1A=="
    },
    "vue": {
      "version": "2.6.12",
      "resolved": "https://registry.npmjs.org/vue/-/vue-2.6.12.tgz",
      "integrity": "sha512-uhmLFETqPPNyuLLbsKz6ioJ4q7AZHzD8ZVFNATNyICSZouqP2Sz0rotWQC8UNBF6VGSCs5abnKJoStA6JbCbfg=="
    }
  }
}
